# THIS IS AN AUTOGENERATED FILE. DO NOT EDIT THIS FILE DIRECTLY.
# yarn lockfile v1


"@378q/mnn-darwin-universal@^3.2.2-alpha1":
  version "3.2.2-alpha1"
  resolved "https://registry.npmmirror.com/@378q/mnn-darwin-universal/-/mnn-darwin-universal-3.2.2-alpha1.tgz"
  integrity sha512-aIYeR53rIlgtFGLQQmISSCCdI98CoP1TGMmyrXN6qW6msNq9thZKzSQ+MuE7glxvho68KDo2ri40w8Wce7XgjQ==
